{
  "name": "angular-seed",
  "version": "0.0.0",
  "lockfileVersion": 1,
  "requires": true,
  "dependencies": {
    "@uirouter/core": {
      "version": "5.0.3",
      "resolved": "https://registry.npmjs.org/@uirouter/core/-/core-5.0.3.tgz",
      "integrity": "sha1-4rWx5FGQ4gxnuk4VwBPeXU4MyrM="
    },
    "FileSaver": {
      "version": "0.10.0",
      "resolved": "https://registry.npmjs.org/FileSaver/-/FileSaver-0.10.0.tgz",
      "integrity": "sha1-fe84iZREWAQu9d8ukGTIjj0igcc="
    },
    "angular-ui-router": {
      "version": "1.0.3",
      "resolved": "https://registry.npmjs.org/angular-ui-router/-/angular-ui-router-1.0.3.tgz",
      "integrity": "sha1-vySUyq6Vw3zwGvN2HYl0fP7S20U=",
      "requires": {
        "@uirouter/core": "5.0.3"
      }
    },
    "file-saver": {
      "version": "2.0.0-rc.4",
      "resolved": "https://registry.npmjs.org/file-saver/-/file-saver-2.0.0-rc.4.tgz",
      "integrity": "sha512-6Runcc5CffLF9Rpf/MLc3db9eOi2f7b+DvBXpSpJ/hEy+olM+Bw0kx/bOnnp1X4QgOkFZe8ojrM4iZ0JCWmVMQ=="
    }
  }
}
